
Microsoft Visual Studio Solution File, Format Version 12.00
# Visual Studio Version 17
VisualStudioVersion = 17.5.002.0
MinimumVisualStudioVersion = 10.0.40219.1
Project("{9A19103F-16F7-4668-BE54-9A1E7A4F7556}") = "ProjectEuler", "ProjectEuler.csproj", "{371F943D-D5E4-4D1E-9A09-AF20532D0073}"
EndProject
Global
	GlobalSection(SolutionConfigurationPlatforms) = preSolution
		Debug|Any CPU = Debug|Any CPU
		Release|Any CPU = Release|Any CPU
	EndGlobalSection
	GlobalSection(ProjectConfigurationPlatforms) = postSolution
		{371F943D-D5E4-4D1E-9A09-AF20532D0073}.Debug|Any CPU.ActiveCfg = Debug|Any CPU
		{371F943D-D5E4-4D1E-9A09-AF20532D0073}.Debug|Any CPU.Build.0 = Debug|Any CPU
		{371F943D-D5E4-4D1E-9A09-AF20532D0073}.Release|Any CPU.ActiveCfg = Release|Any CPU
		{371F943D-D5E4-4D1E-9A09-AF20532D0073}.Release|Any CPU.Build.0 = Release|Any CPU
	EndGlobalSection
	GlobalSection(SolutionProperties) = preSolution
		HideSolutionNode = FALSE
	EndGlobalSection
	GlobalSection(ExtensibilityGlobals) = postSolution
		SolutionGuid = {40554B94-A773-4538-95C8-FA749CB05C0C}
	EndGlobalSection
EndGlobal
